
Microsoft Visual Studio Solution File, Format Version 12.00
# Visual Studio Version 17
VisualStudioVersion = 17.0.31903.59
MinimumVisualStudioVersion = 10.0.40219.1
Project("{FAE04EC0-301F-11D3-BF4B-00C04F79EFBC}") = "NitroWin", "src\NitroWin\NitroWin.csproj", "{64C37117-8C2A-49F2-8334-0D820B315A74}"
EndProject
Project("{FAE04EC0-301F-11D3-BF4B-00C04F79EFBC}") = "NitroWin.UI", "NitroWin.UI\NitroWin.UI.csproj", "{FD42E99A-5FB9-437F-9F63-44B87C22B962}"
EndProject
Global
	GlobalSection(SolutionConfigurationPlatforms) = preSolution
		Debug|ARM64 = Debug|ARM64
		Debug|x64 = Debug|x64
		Release|ARM64 = Release|ARM64
		Release|x64 = Release|x64
	EndGlobalSection
	GlobalSection(ProjectConfigurationPlatforms) = postSolution
		{64C37117-8C2A-49F2-8334-0D820B315A74}.Debug|ARM64.ActiveCfg = Debug|ARM64
		{64C37117-8C2A-49F2-8334-0D820B315A74}.Debug|ARM64.Build.0 = Debug|ARM64
		{64C37117-8C2A-49F2-8334-0D820B315A74}.Debug|x64.ActiveCfg = Debug|x64
		{64C37117-8C2A-49F2-8334-0D820B315A74}.Debug|x64.Build.0 = Debug|x64
		{64C37117-8C2A-49F2-8334-0D820B315A74}.Release|ARM64.ActiveCfg = Release|ARM64
		{64C37117-8C2A-49F2-8334-0D820B315A74}.Release|ARM64.Build.0 = Release|ARM64
		{64C37117-8C2A-49F2-8334-0D820B315A74}.Release|x64.ActiveCfg = Release|x64
		{64C37117-8C2A-49F2-8334-0D820B315A74}.Release|x64.Build.0 = Release|x64
		{FD42E99A-5FB9-437F-9F63-44B87C22B962}.Debug|ARM64.ActiveCfg = Debug|Any CPU
		{FD42E99A-5FB9-437F-9F63-44B87C22B962}.Debug|ARM64.Build.0 = Debug|Any CPU
		{FD42E99A-5FB9-437F-9F63-44B87C22B962}.Debug|x64.ActiveCfg = Debug|Any CPU
		{FD42E99A-5FB9-437F-9F63-44B87C22B962}.Debug|x64.Build.0 = Debug|Any CPU
		{FD42E99A-5FB9-437F-9F63-44B87C22B962}.Release|ARM64.ActiveCfg = Release|Any CPU
		{FD42E99A-5FB9-437F-9F63-44B87C22B962}.Release|ARM64.Build.0 = Release|Any CPU
		{FD42E99A-5FB9-437F-9F63-44B87C22B962}.Release|x64.ActiveCfg = Release|Any CPU
		{FD42E99A-5FB9-437F-9F63-44B87C22B962}.Release|x64.Build.0 = Release|Any CPU
	EndGlobalSection
	GlobalSection(SolutionProperties) = preSolution
		HideSolutionNode = FALSE
	EndGlobalSection
	GlobalSection(ExtensibilityGlobals) = postSolution
		SolutionGuid = {BFB8F128-04EC-4252-8D2E-9550EDC7C3CF}
	EndGlobalSection
EndGlobal
